# THIS IS AN AUTOGENERATED FILE. DO NOT EDIT THIS FILE DIRECTLY.
# yarn lockfile v1


http-https@^1.0.0:
  version "1.0.0"
  resolved "https://registry.yarnpkg.com/http-https/-/http-https-1.0.0.tgz#2f908dd5f1db4068c058cd6e6d4ce392c913389b"

oboe@^2.1.4:
  version "2.1.4"
  resolved "https://registry.yarnpkg.com/oboe/-/oboe-2.1.4.tgz#20c88cdb0c15371bb04119257d4fdd34b0aa49f6"
  dependencies:
    http-https "^1.0.0"

rxjs@^5.5.2:
  version "5.5.2"
  resolved "https://registry.yarnpkg.com/rxjs/-/rxjs-5.5.2.tgz#28d403f0071121967f18ad665563255d54236ac3"
  dependencies:
    symbol-observable "^1.0.1"

symbol-observable@^1.0.1:
  version "1.0.4"
  resolved "https://registry.yarnpkg.com/symbol-observable/-/symbol-observable-1.0.4.tgz#29bf615d4aa7121bdd898b22d4b3f9bc4e2aa03d"
